// !$*UTF8*$!
{
	archiveVersion = 1;
	classes = {
	};
	objectVersion = 46;
	objects = {

/* Begin PBXBuildFile section */
		192A8B7B1BC712C30043B109 /* PillboxMenu.png in Resources */ = {isa = PBXBuildFile; fileRef = 192A8B7A1BC712C30043B109 /* PillboxMenu.png */; };
		192A8B7D1BC7133D0043B109 /* ResultsViewController.xib in Resources */ = {isa = PBXBuildFile; fileRef = 192A8B7C1BC7133D0043B109 /* ResultsViewController.xib */; };
		192A8B801BC724040043B109 /* medicationFactory.m in Sources */ = {isa = PBXBuildFile; fileRef = 192A8B7F1BC724040043B109 /* medicationFactory.m */; };
		192A8B831BC724A50043B109 /* medicationMockWebService.m in Sources */ = {isa = PBXBuildFile; fileRef = 192A8B821BC724A50043B109 /* medicationMockWebService.m */; };
		1967D15C1BC79365004E2AD6 /* InfoInterfaceController.m in Sources */ = {isa = PBXBuildFile; fileRef = 1967D14F1BC79365004E2AD6 /* InfoInterfaceController.m */; };
		1967D1601BC79365004E2AD6 /* ResponseNo.m in Sources */ = {isa = PBXBuildFile; fileRef = 1967D1571BC79365004E2AD6 /* ResponseNo.m */; };
		1967D1611BC79365004E2AD6 /* ResponseNoInterfaceController.m in Sources */ = {isa = PBXBuildFile; fileRef = 1967D1591BC79365004E2AD6 /* ResponseNoInterfaceController.m */; };
		1967D16A1BC7A7DF004E2AD6 /* medicationWebService.m in Sources */ = {isa = PBXBuildFile; fileRef = 1967D1691BC7A7DF004E2AD6 /* medicationWebService.m */; };
		4900B3911BC674900081FBE3 /* AddPillViewController.m in Sources */ = {isa = PBXBuildFile; fileRef = 4900B3771BC674900081FBE3 /* AddPillViewController.m */; };
		4900B3931BC674900081FBE3 /* connexionViewController.m in Sources */ = {isa = PBXBuildFile; fileRef = 4900B37A1BC674900081FBE3 /* connexionViewController.m */; };
		4900B3941BC674900081FBE3 /* connexionViewController.xib in Resources */ = {isa = PBXBuildFile; fileRef = 4900B37B1BC674900081FBE3 /* connexionViewController.xib */; };
		4900B3951BC674900081FBE3 /* DayDetailViewController.m in Sources */ = {isa = PBXBuildFile; fileRef = 4900B37D1BC674900081FBE3 /* DayDetailViewController.m */; };
		4900B3971BC674900081FBE3 /* DoctorMenu.png in Resources */ = {isa = PBXBuildFile; fileRef = 4900B37F1BC674900081FBE3 /* DoctorMenu.png */; };
		4900B3981BC674900081FBE3 /* DoctorViewController.m in Sources */ = {isa = PBXBuildFile; fileRef = 4900B3811BC674900081FBE3 /* DoctorViewController.m */; };
		4900B39A1BC674900081FBE3 /* Logo.png in Resources */ = {isa = PBXBuildFile; fileRef = 4900B3831BC674900081FBE3 /* Logo.png */; };
		4900B39B1BC674900081FBE3 /* MenuViewController.m in Sources */ = {isa = PBXBuildFile; fileRef = 4900B3851BC674900081FBE3 /* MenuViewController.m */; };
		4900B39E1BC674900081FBE3 /* PillboxViewController.m in Sources */ = {isa = PBXBuildFile; fileRef = 4900B3891BC674900081FBE3 /* PillboxViewController.m */; };
		4900B3A01BC674900081FBE3 /* ResultsViewController.m in Sources */ = {isa = PBXBuildFile; fileRef = 4900B38C1BC674900081FBE3 /* ResultsViewController.m */; };
		4900B3A21BC674900081FBE3 /* SubscribeViewController.m in Sources */ = {isa = PBXBuildFile; fileRef = 4900B38F1BC674900081FBE3 /* SubscribeViewController.m */; };
		4900B3A61BC6759B0081FBE3 /* Historic.png in Resources */ = {isa = PBXBuildFile; fileRef = 4900B3A51BC6759B0081FBE3 /* Historic.png */; };
		4900B3BC1BC680E30081FBE3 /* AddPillViewController.xib in Resources */ = {isa = PBXBuildFile; fileRef = 4900B3B61BC680E30081FBE3 /* AddPillViewController.xib */; };
		4900B3BD1BC680E30081FBE3 /* DayDetailViewController.xib in Resources */ = {isa = PBXBuildFile; fileRef = 4900B3B71BC680E30081FBE3 /* DayDetailViewController.xib */; };
		4900B3BE1BC680E30081FBE3 /* DoctorViewController.xib in Resources */ = {isa = PBXBuildFile; fileRef = 4900B3B81BC680E30081FBE3 /* DoctorViewController.xib */; };
		4900B3BF1BC680E30081FBE3 /* MenuViewController.xib in Resources */ = {isa = PBXBuildFile; fileRef = 4900B3B91BC680E30081FBE3 /* MenuViewController.xib */; };
		4900B3C01BC680E30081FBE3 /* PillboxViewController.xib in Resources */ = {isa = PBXBuildFile; fileRef = 4900B3BA1BC680E30081FBE3 /* PillboxViewController.xib */; };
		4900B3C11BC680E30081FBE3 /* SubscribeViewController.xib in Resources */ = {isa = PBXBuildFile; fileRef = 4900B3BB1BC680E30081FBE3 /* SubscribeViewController.xib */; };
		4925EC7E1BC55B6E003D73D7 /* main.m in Sources */ = {isa = PBXBuildFile; fileRef = 4925EC7D1BC55B6E003D73D7 /* main.m */; };
		4925EC811BC55B6E003D73D7 /* AppDelegate.m in Sources */ = {isa = PBXBuildFile; fileRef = 4925EC801BC55B6E003D73D7 /* AppDelegate.m */; };
		4925EC841BC55B6E003D73D7 /* ViewController.m in Sources */ = {isa = PBXBuildFile; fileRef = 4925EC831BC55B6E003D73D7 /* ViewController.m */; };
		4925EC871BC55B6E003D73D7 /* Main.storyboard in Resources */ = {isa = PBXBuildFile; fileRef = 4925EC851BC55B6E003D73D7 /* Main.storyboard */; };
		4925EC891BC55B6E003D73D7 /* Assets.xcassets in Resources */ = {isa = PBXBuildFile; fileRef = 4925EC881BC55B6E003D73D7 /* Assets.xcassets */; };
		4925EC8C1BC55B6E003D73D7 /* LaunchScreen.storyboard in Resources */ = {isa = PBXBuildFile; fileRef = 4925EC8A1BC55B6E003D73D7 /* LaunchScreen.storyboard */; };
		4925EC911BC55B6E003D73D7 /* Project WatchKit App.app in Embed Watch Content */ = {isa = PBXBuildFile; fileRef = 4925EC901BC55B6E003D73D7 /* Project WatchKit App.app */; };
		4925EC971BC55B6E003D73D7 /* Interface.storyboard in Resources */ = {isa = PBXBuildFile; fileRef = 4925EC951BC55B6E003D73D7 /* Interface.storyboard */; };
		4925EC991BC55B6E003D73D7 /* Assets.xcassets in Resources */ = {isa = PBXBuildFile; fileRef = 4925EC981BC55B6E003D73D7 /* Assets.xcassets */; };
		4925ECA01BC55B6E003D73D7 /* Project WatchKit Extension.appex in Embed App Extensions */ = {isa = PBXBuildFile; fileRef = 4925EC9F1BC55B6E003D73D7 /* Project WatchKit Extension.appex */; settings = {ATTRIBUTES = (RemoveHeadersOnCopy, ); }; };
		4925ECB01BC55B6E003D73D7 /* Assets.xcassets in Resources */ = {isa = PBXBuildFile; fileRef = 4925ECAF1BC55B6E003D73D7 /* Assets.xcassets */; };
		4925ECC51BC55E18003D73D7 /* Event.m in Sources */ = {isa = PBXBuildFile; fileRef = 4925ECC41BC55E18003D73D7 /* Event.m */; };
		4925ECC81BC55EA2003D73D7 /* Medication.m in Sources */ = {isa = PBXBuildFile; fileRef = 4925ECC71BC55EA2003D73D7 /* Medication.m */; };
		4925ECCC1BC571BC003D73D7 /* calendarFactory.m in Sources */ = {isa = PBXBuildFile; fileRef = 4925ECCB1BC571BC003D73D7 /* calendarFactory.m */; };
		4925ECD61BC58E6B003D73D7 /* calendarMocks.JSON in Resources */ = {isa = PBXBuildFile; fileRef = 4925ECD41BC58DB5003D73D7 /* calendarMocks.JSON */; };
		4925ECD91BC58EF8003D73D7 /* calendarMockWebService.m in Sources */ = {isa = PBXBuildFile; fileRef = 4925ECD81BC58EF8003D73D7 /* calendarMockWebService.m */; };
		4925ECDF1BC59265003D73D7 /* calendarWebService.m in Sources */ = {isa = PBXBuildFile; fileRef = 4925ECDE1BC59265003D73D7 /* calendarWebService.m */; };
		4925ECE91BC595FD003D73D7 /* medicationMocks.JSON in Resources */ = {isa = PBXBuildFile; fileRef = 4925ECE81BC595FD003D73D7 /* medicationMocks.JSON */; };
		4925ECEF1BC5C27B003D73D7 /* doctorMocks.JSON in Resources */ = {isa = PBXBuildFile; fileRef = 4925ECEE1BC5C27B003D73D7 /* doctorMocks.JSON */; };
		4925ECF21BC5C2F9003D73D7 /* Doctor.m in Sources */ = {isa = PBXBuildFile; fileRef = 4925ECF11BC5C2F9003D73D7 /* Doctor.m */; };
		4925ECF51BC5CA12003D73D7 /* doctorFactory.m in Sources */ = {isa = PBXBuildFile; fileRef = 4925ECF41BC5CA12003D73D7 /* doctorFactory.m */; };
		4925ECF81BC5CAEB003D73D7 /* doctorWebService.m in Sources */ = {isa = PBXBuildFile; fileRef = 4925ECF71BC5CAEB003D73D7 /* doctorWebService.m */; };
		4925ECFB1BC5CAF8003D73D7 /* doctorMockWebService.m in Sources */ = {isa = PBXBuildFile; fileRef = 4925ECFA1BC5CAF8003D73D7 /* doctorMockWebService.m */; };
		4925ECFE1BC5D09F003D73D7 /* User.m in Sources */ = {isa = PBXBuildFile; fileRef = 4925ECFD1BC5D09F003D73D7 /* User.m */; };
		4925ED011BC5D290003D73D7 /* userFactory.m in Sources */ = {isa = PBXBuildFile; fileRef = 4925ED001BC5D290003D73D7 /* userFactory.m */; };
		4925ED041BC5D3A5003D73D7 /* userWebService.m in Sources */ = {isa = PBXBuildFile; fileRef = 4925ED031BC5D3A5003D73D7 /* userWebService.m */; };
		4925ED071BC5D3BB003D73D7 /* userMockWebService.m in Sources */ = {isa = PBXBuildFile; fileRef = 4925ED061BC5D3BB003D73D7 /* userMockWebService.m */; };
		4925ED091BC5D7CA003D73D7 /* userMocks.JSON in Resources */ = {isa = PBXBuildFile; fileRef = 4925ED081BC5D7CA003D73D7 /* userMocks.JSON */; };
		632625381C4EBF4E00E14B22 /* check.png in Resources */ = {isa = PBXBuildFile; fileRef = 632625311C4EBF4E00E14B22 /* check.png */; };
		632625391C4EBF4E00E14B22 /* check.png in Resources */ = {isa = PBXBuildFile; fileRef = 632625311C4EBF4E00E14B22 /* check.png */; };
		6326253A1C4EBF4E00E14B22 /* clock.png in Resources */ = {isa = PBXBuildFile; fileRef = 632625321C4EBF4E00E14B22 /* clock.png */; };
		6326253B1C4EBF4E00E14B22 /* clock.png in Resources */ = {isa = PBXBuildFile; fileRef = 632625321C4EBF4E00E14B22 /* clock.png */; };
		6326253C1C4EBF4E00E14B22 /* cross.png in Resources */ = {isa = PBXBuildFile; fileRef = 632625331C4EBF4E00E14B22 /* cross.png */; };
		6326253D1C4EBF4E00E14B22 /* cross.png in Resources */ = {isa = PBXBuildFile; fileRef = 632625331C4EBF4E00E14B22 /* cross.png */; };
		6326253E1C4EBF4E00E14B22 /* noun_291_cc.png in Resources */ = {isa = PBXBuildFile; fileRef = 632625341C4EBF4E00E14B22 /* noun_291_cc.png */; };
		6326253F1C4EBF4E00E14B22 /* noun_291_cc.png in Resources */ = {isa = PBXBuildFile; fileRef = 632625341C4EBF4E00E14B22 /* noun_291_cc.png */; };
		632625401C4EBF4E00E14B22 /* panneaujaune.png in Resources */ = {isa = PBXBuildFile; fileRef = 632625351C4EBF4E00E14B22 /* panneaujaune.png */; };
		632625411C4EBF4E00E14B22 /* panneaujaune.png in Resources */ = {isa = PBXBuildFile; fileRef = 632625351C4EBF4E00E14B22 /* panneaujaune.png */; };
		632625421C4EBF4E00E14B22 /* panneauorange.png in Resources */ = {isa = PBXBuildFile; fileRef = 632625361C4EBF4E00E14B22 /* panneauorange.png */; };
		632625431C4EBF4E00E14B22 /* panneauorange.png in Resources */ = {isa = PBXBuildFile; fileRef = 632625361C4EBF4E00E14B22 /* panneauorange.png */; };
		632625441C4EBF4E00E14B22 /* pill.png in Resources */ = {isa = PBXBuildFile; fileRef = 632625371C4EBF4E00E14B22 /* pill.png */; };
		632625451C4EBF4E00E14B22 /* pill.png in Resources */ = {isa = PBXBuildFile; fileRef = 632625371C4EBF4E00E14B22 /* pill.png */; };
		63281D9F1C59075A00163A17 /* TestInterfaceController.m in Sources */ = {isa = PBXBuildFile; fileRef = 63281D9E1C59075A00163A17 /* TestInterfaceController.m */; };
		633A3B9A1C4EA8E30048F4C9 /* PushNotificationPayload.apns in Resources */ = {isa = PBXBuildFile; fileRef = 633A3B991C4EA8E30048F4C9 /* PushNotificationPayload.apns */; };
		633A3B9F1C4EBD140048F4C9 /* InterfaceController.m in Sources */ = {isa = PBXBuildFile; fileRef = 633A3B9C1C4EBD140048F4C9 /* InterfaceController.m */; };
		633A3BA01C4EBD140048F4C9 /* NotificationController.m in Sources */ = {isa = PBXBuildFile; fileRef = 633A3B9E1C4EBD140048F4C9 /* NotificationController.m */; };
		633A3BA31C4EBD2A0048F4C9 /* ExtensionDelegate.m in Sources */ = {isa = PBXBuildFile; fileRef = 633A3BA21C4EBD2A0048F4C9 /* ExtensionDelegate.m */; };
		633A3BA61C4EBD390048F4C9 /* AlertNotificationController.m in Sources */ = {isa = PBXBuildFile; fileRef = 633A3BA51C4EBD390048F4C9 /* AlertNotificationController.m */; };
		63F13A401C59456200116563 /* Interface.storyboard in Resources */ = {isa = PBXBuildFile; fileRef = 4925EC951BC55B6E003D73D7 /* Interface.storyboard */; };
		63F13A431C5BC6C800116563 /* CustomTableRowController.m in Sources */ = {isa = PBXBuildFile; fileRef = 63F13A421C5BC6C800116563 /* CustomTableRowController.m */; };
		BE0B13A21C60A0DF0047D485 /* calendarFactory.m in Sources */ = {isa = PBXBuildFile; fileRef = 4925ECCB1BC571BC003D73D7 /* calendarFactory.m */; };
		BE0B13A31C60A6370047D485 /* Medication.m in Sources */ = {isa = PBXBuildFile; fileRef = 4925ECC71BC55EA2003D73D7 /* Medication.m */; };
		BE0B13A41C60A63B0047D485 /* Doctor.m in Sources */ = {isa = PBXBuildFile; fileRef = 4925ECF11BC5C2F9003D73D7 /* Doctor.m */; };
		BE0B13A51C60A6400047D485 /* User.m in Sources */ = {isa = PBXBuildFile; fileRef = 4925ECFD1BC5D09F003D73D7 /* User.m */; };
		BE0B13A61C60A6920047D485 /* calendarMockWebService.m in Sources */ = {isa = PBXBuildFile; fileRef = 4925ECD81BC58EF8003D73D7 /* calendarMockWebService.m */; };
		BE0B13A71C60A6B80047D485 /* medicationFactory.m in Sources */ = {isa = PBXBuildFile; fileRef = 192A8B7F1BC724040043B109 /* medicationFactory.m */; };
		BE0B13A81C60A6C50047D485 /* medicationMockWebService.m in Sources */ = {isa = PBXBuildFile; fileRef = 192A8B821BC724A50043B109 /* medicationMockWebService.m */; };
		BE0B13AA1C60B5DD0047D485 /* medicationMocks.JSON in Resources */ = {isa = PBXBuildFile; fileRef = BE0B13A91C60B5DD0047D485 /* medicationMocks.JSON */; };
		BEFDC5E91C5FCF81003EE5E7 /* Event.m in Sources */ = {isa = PBXBuildFile; fileRef = 4925ECC41BC55E18003D73D7 /* Event.m */; };
/* End PBXBuildFile section */

/* Begin PBXContainerItemProxy section */
		4925EC921BC55B6E003D73D7 /* PBXContainerItemProxy */ = {
			isa = PBXContainerItemProxy;
			containerPortal = 4925EC711BC55B6E003D73D7 /* Project object */;
			proxyType = 1;
			remoteGlobalIDString = 4925EC8F1BC55B6E003D73D7;
			remoteInfo = "Project WatchKit App";
		};
		4925ECA11BC55B6E003D73D7 /* PBXContainerItemProxy */ = {
			isa = PBXContainerItemProxy;
			containerPortal = 4925EC711BC55B6E003D73D7 /* Project object */;
			proxyType = 1;
			remoteGlobalIDString = 4925EC9E1BC55B6E003D73D7;
			remoteInfo = "Project WatchKit Extension";
		};
/* End PBXContainerItemProxy section */

/* Begin PBXCopyFilesBuildPhase section */
		4925ECB71BC55B6E003D73D7 /* Embed App Extensions */ = {
			isa = PBXCopyFilesBuildPhase;
			buildActionMask = 2147483647;
			dstPath = "";
			dstSubfolderSpec = 13;
			files = (
				4925ECA01BC55B6E003D73D7 /* Project WatchKit Extension.appex in Embed App Extensions */,
			);
			name = "Embed App Extensions";
			runOnlyForDeploymentPostprocessing = 0;
		};
		4925ECBB1BC55B6E003D73D7 /* Embed Watch Content */ = {
			isa = PBXCopyFilesBuildPhase;
			buildActionMask = 2147483647;
			dstPath = "$(CONTENTS_FOLDER_PATH)/Watch";
			dstSubfolderSpec = 16;
			files = (
				4925EC911BC55B6E003D73D7 /* Project WatchKit App.app in Embed Watch Content */,
			);
			name = "Embed Watch Content";
			runOnlyForDeploymentPostprocessing = 0;
		};
/* End PBXCopyFilesBuildPhase section */

/* Begin PBXFileReference section */
		192A8B7A1BC712C30043B109 /* PillboxMenu.png */ = {isa = PBXFileReference; lastKnownFileType = image.png; path = PillboxMenu.png; sourceTree = "<group>"; };
		192A8B7C1BC7133D0043B109 /* ResultsViewController.xib */ = {isa = PBXFileReference; fileEncoding = 4; lastKnownFileType = file.xib; path = ResultsViewController.xib; sourceTree = "<group>"; };
		192A8B7E1BC724040043B109 /* medicationFactory.h */ = {isa = PBXFileReference; fileEncoding = 4; lastKnownFileType = sourcecode.c.h; path = medicationFactory.h; sourceTree = "<group>"; };
		192A8B7F1BC724040043B109 /* medicationFactory.m */ = {isa = PBXFileReference; fileEncoding = 4; lastKnownFileType = sourcecode.c.objc; path = medicationFactory.m; sourceTree = "<group>"; };
		192A8B811BC724A50043B109 /* medicationMockWebService.h */ = {isa = PBXFileReference; fileEncoding = 4; lastKnownFileType = sourcecode.c.h; path = medicationMockWebService.h; sourceTree = "<group>"; };
		192A8B821BC724A50043B109 /* medicationMockWebService.m */ = {isa = PBXFileReference; fileEncoding = 4; lastKnownFileType = sourcecode.c.objc; path = medicationMockWebService.m; sourceTree = "<group>"; };
		1967D14E1BC79365004E2AD6 /* InfoInterfaceController.h */ = {isa = PBXFileReference; fileEncoding = 4; lastKnownFileType = sourcecode.c.h; path = InfoInterfaceController.h; sourceTree = "<group>"; };
		1967D14F1BC79365004E2AD6 /* InfoInterfaceController.m */ = {isa = PBXFileReference; fileEncoding = 4; lastKnownFileType = sourcecode.c.objc; path = InfoInterfaceController.m; sourceTree = "<group>"; };
		1967D1561BC79365004E2AD6 /* ResponseNo.h */ = {isa = PBXFileReference; fileEncoding = 4; lastKnownFileType = sourcecode.c.h; path = ResponseNo.h; sourceTree = "<group>"; };
		1967D1571BC79365004E2AD6 /* ResponseNo.m */ = {isa = PBXFileReference; fileEncoding = 4; lastKnownFileType = sourcecode.c.objc; path = ResponseNo.m; sourceTree = "<group>"; };
		1967D1581BC79365004E2AD6 /* ResponseNoInterfaceController.h */ = {isa = PBXFileReference; fileEncoding = 4; lastKnownFileType = sourcecode.c.h; path = ResponseNoInterfaceController.h; sourceTree = "<group>"; };
		1967D1591BC79365004E2AD6 /* ResponseNoInterfaceController.m */ = {isa = PBXFileReference; fileEncoding = 4; lastKnownFileType = sourcecode.c.objc; path = ResponseNoInterfaceController.m; sourceTree = "<group>"; };
		1967D1681BC7A7DF004E2AD6 /* medicationWebService.h */ = {isa = PBXFileReference; fileEncoding = 4; lastKnownFileType = sourcecode.c.h; path = medicationWebService.h; sourceTree = "<group>"; };
		1967D1691BC7A7DF004E2AD6 /* medicationWebService.m */ = {isa = PBXFileReference; fileEncoding = 4; lastKnownFileType = sourcecode.c.objc; path = medicationWebService.m; sourceTree = "<group>"; };
		4900B3761BC674900081FBE3 /* AddPillViewController.h */ = {isa = PBXFileReference; fileEncoding = 4; lastKnownFileType = sourcecode.c.h; path = AddPillViewController.h; sourceTree = "<group>"; };
		4900B3771BC674900081FBE3 /* AddPillViewController.m */ = {isa = PBXFileReference; fileEncoding = 4; lastKnownFileType = sourcecode.c.objc; path = AddPillViewController.m; sourceTree = "<group>"; };
		4900B3791BC674900081FBE3 /* connexionViewController.h */ = {isa = PBXFileReference; fileEncoding = 4; lastKnownFileType = sourcecode.c.h; path = connexionViewController.h; sourceTree = "<group>"; };
		4900B37A1BC674900081FBE3 /* connexionViewController.m */ = {isa = PBXFileReference; fileEncoding = 4; lastKnownFileType = sourcecode.c.objc; path = connexionViewController.m; sourceTree = "<group>"; };
		4900B37B1BC674900081FBE3 /* connexionViewController.xib */ = {isa = PBXFileReference; fileEncoding = 4; lastKnownFileType = file.xib; path = connexionViewController.xib; sourceTree = "<group>"; };
		4900B37C1BC674900081FBE3 /* DayDetailViewController.h */ = {isa = PBXFileReference; fileEncoding = 4; lastKnownFileType = sourcecode.c.h; path = DayDetailViewController.h; sourceTree = "<group>"; };
		4900B37D1BC674900081FBE3 /* DayDetailViewController.m */ = {isa = PBXFileReference; fileEncoding = 4; lastKnownFileType = sourcecode.c.objc; path = DayDetailViewController.m; sourceTree = "<group>"; };
		4900B37F1BC674900081FBE3 /* DoctorMenu.png */ = {isa = PBXFileReference; lastKnownFileType = image.png; path = DoctorMenu.png; sourceTree = "<group>"; };
		4900B3801BC674900081FBE3 /* DoctorViewController.h */ = {isa = PBXFileReference; fileEncoding = 4; lastKnownFileType = sourcecode.c.h; path = DoctorViewController.h; sourceTree = "<group>"; };
		4900B3811BC674900081FBE3 /* DoctorViewController.m */ = {isa = PBXFileReference; fileEncoding = 4; lastKnownFileType = sourcecode.c.objc; path = DoctorViewController.m; sourceTree = "<group>"; };
		4900B3831BC674900081FBE3 /* Logo.png */ = {isa = PBXFileReference; lastKnownFileType = image.png; path = Logo.png; sourceTree = "<group>"; };
		4900B3841BC674900081FBE3 /* MenuViewController.h */ = {isa = PBXFileReference; fileEncoding = 4; lastKnownFileType = sourcecode.c.h; path = MenuViewController.h; sourceTree = "<group>"; };
		4900B3851BC674900081FBE3 /* MenuViewController.m */ = {isa = PBXFileReference; fileEncoding = 4; lastKnownFileType = sourcecode.c.objc; path = MenuViewController.m; sourceTree = "<group>"; };
		4900B3881BC674900081FBE3 /* PillboxViewController.h */ = {isa = PBXFileReference; fileEncoding = 4; lastKnownFileType = sourcecode.c.h; path = PillboxViewController.h; sourceTree = "<group>"; };
		4900B3891BC674900081FBE3 /* PillboxViewController.m */ = {isa = PBXFileReference; fileEncoding = 4; lastKnownFileType = sourcecode.c.objc; path = PillboxViewController.m; sourceTree = "<group>"; };
		4900B38B1BC674900081FBE3 /* ResultsViewController.h */ = {isa = PBXFileReference; fileEncoding = 4; lastKnownFileType = sourcecode.c.h; path = ResultsViewController.h; sourceTree = "<group>"; };
		4900B38C1BC674900081FBE3 /* ResultsViewController.m */ = {isa = PBXFileReference; fileEncoding = 4; lastKnownFileType = sourcecode.c.objc; path = ResultsViewController.m; sourceTree = "<group>"; };
		4900B38E1BC674900081FBE3 /* SubscribeViewController.h */ = {isa = PBXFileReference; fileEncoding = 4; lastKnownFileType = sourcecode.c.h; path = SubscribeViewController.h; sourceTree = "<group>"; };
		4900B38F1BC674900081FBE3 /* SubscribeViewController.m */ = {isa = PBXFileReference; fileEncoding = 4; lastKnownFileType = sourcecode.c.objc; path = SubscribeViewController.m; sourceTree = "<group>"; };
		4900B3A51BC6759B0081FBE3 /* Historic.png */ = {isa = PBXFileReference; lastKnownFileType = image.png; path = Historic.png; sourceTree = "<group>"; };
		4900B3B61BC680E30081FBE3 /* AddPillViewController.xib */ = {isa = PBXFileReference; fileEncoding = 4; lastKnownFileType = file.xib; path = AddPillViewController.xib; sourceTree = "<group>"; };
		4900B3B71BC680E30081FBE3 /* DayDetailViewController.xib */ = {isa = PBXFileReference; fileEncoding = 4; lastKnownFileType = file.xib; path = DayDetailViewController.xib; sourceTree = "<group>"; };
		4900B3B81BC680E30081FBE3 /* DoctorViewController.xib */ = {isa = PBXFileReference; fileEncoding = 4; lastKnownFileType = file.xib; path = DoctorViewController.xib; sourceTree = "<group>"; };
		4900B3B91BC680E30081FBE3 /* MenuViewController.xib */ = {isa = PBXFileReference; fileEncoding = 4; lastKnownFileType = file.xib; path = MenuViewController.xib; sourceTree = "<group>"; };
		4900B3BA1BC680E30081FBE3 /* PillboxViewController.xib */ = {isa = PBXFileReference; fileEncoding = 4; lastKnownFileType = file.xib; path = PillboxViewController.xib; sourceTree = "<group>"; };
		4900B3BB1BC680E30081FBE3 /* SubscribeViewController.xib */ = {isa = PBXFileReference; fileEncoding = 4; lastKnownFileType = file.xib; path = SubscribeViewController.xib; sourceTree = "<group>"; };
		4925EC791BC55B6E003D73D7 /* Project.app */ = {isa = PBXFileReference; explicitFileType = wrapper.application; includeInIndex = 0; path = Project.app; sourceTree = BUILT_PRODUCTS_DIR; };
		4925EC7D1BC55B6E003D73D7 /* main.m */ = {isa = PBXFileReference; lastKnownFileType = sourcecode.c.objc; path = main.m; sourceTree = "<group>"; };
		4925EC7F1BC55B6E003D73D7 /* AppDelegate.h */ = {isa = PBXFileReference; lastKnownFileType = sourcecode.c.h; path = AppDelegate.h; sourceTree = "<group>"; };
		4925EC801BC55B6E003D73D7 /* AppDelegate.m */ = {isa = PBXFileReference; lastKnownFileType = sourcecode.c.objc; path = AppDelegate.m; sourceTree = "<group>"; };
		4925EC821BC55B6E003D73D7 /* ViewController.h */ = {isa = PBXFileReference; lastKnownFileType = sourcecode.c.h; path = ViewController.h; sourceTree = "<group>"; };
		4925EC831BC55B6E003D73D7 /* ViewController.m */ = {isa = PBXFileReference; lastKnownFileType = sourcecode.c.objc; path = ViewController.m; sourceTree = "<group>"; };
		4925EC861BC55B6E003D73D7 /* Base */ = {isa = PBXFileReference; lastKnownFileType = file.storyboard; name = Base; path = Base.lproj/Main.storyboard; sourceTree = "<group>"; };
		4925EC881BC55B6E003D73D7 /* Assets.xcassets */ = {isa = PBXFileReference; lastKnownFileType = folder.assetcatalog; path = Assets.xcassets; sourceTree = "<group>"; };
		4925EC8B1BC55B6E003D73D7 /* Base */ = {isa = PBXFileReference; lastKnownFileType = file.storyboard; name = Base; path = Base.lproj/LaunchScreen.storyboard; sourceTree = "<group>"; };
		4925EC8D1BC55B6E003D73D7 /* Info.plist */ = {isa = PBXFileReference; lastKnownFileType = text.plist.xml; path = Info.plist; sourceTree = "<group>"; };
		4925EC901BC55B6E003D73D7 /* Project WatchKit App.app */ = {isa = PBXFileReference; explicitFileType = wrapper.application; includeInIndex = 0; path = "Project WatchKit App.app"; sourceTree = BUILT_PRODUCTS_DIR; };
		4925EC961BC55B6E003D73D7 /* Base */ = {isa = PBXFileReference; lastKnownFileType = file.storyboard; name = Base; path = Base.lproj/Interface.storyboard; sourceTree = "<group>"; };
		4925EC981BC55B6E003D73D7 /* Assets.xcassets */ = {isa = PBXFileReference; lastKnownFileType = folder.assetcatalog; path = Assets.xcassets; sourceTree = "<group>"; };
		4925EC9A1BC55B6E003D73D7 /* Info.plist */ = {isa = PBXFileReference; lastKnownFileType = text.plist.xml; path = Info.plist; sourceTree = "<group>"; };
		4925EC9F1BC55B6E003D73D7 /* Project WatchKit Extension.appex */ = {isa = PBXFileReference; explicitFileType = "wrapper.app-extension"; includeInIndex = 0; path = "Project WatchKit Extension.appex"; sourceTree = BUILT_PRODUCTS_DIR; };
		4925ECAF1BC55B6E003D73D7 /* Assets.xcassets */ = {isa = PBXFileReference; lastKnownFileType = folder.assetcatalog; path = Assets.xcassets; sourceTree = "<group>"; };
		4925ECB11BC55B6E003D73D7 /* Info.plist */ = {isa = PBXFileReference; lastKnownFileType = text.plist.xml; path = Info.plist; sourceTree = "<group>"; };
		4925ECC31BC55E18003D73D7 /* Event.h */ = {isa = PBXFileReference; fileEncoding = 4; lastKnownFileType = sourcecode.c.h; path = Event.h; sourceTree = "<group>"; };
		4925ECC41BC55E18003D73D7 /* Event.m */ = {isa = PBXFileReference; fileEncoding = 4; lastKnownFileType = sourcecode.c.objc; path = Event.m; sourceTree = "<group>"; };
		4925ECC61BC55EA2003D73D7 /* Medication.h */ = {isa = PBXFileReference; fileEncoding = 4; lastKnownFileType = sourcecode.c.h; path = Medication.h; sourceTree = "<group>"; };
		4925ECC71BC55EA2003D73D7 /* Medication.m */ = {isa = PBXFileReference; fileEncoding = 4; lastKnownFileType = sourcecode.c.objc; path = Medication.m; sourceTree = "<group>"; };
		4925ECCA1BC571BC003D73D7 /* calendarFactory.h */ = {isa = PBXFileReference; fileEncoding = 4; lastKnownFileType = sourcecode.c.h; path = calendarFactory.h; sourceTree = "<group>"; };
		4925ECCB1BC571BC003D73D7 /* calendarFactory.m */ = {isa = PBXFileReference; fileEncoding = 4; lastKnownFileType = sourcecode.c.objc; path = calendarFactory.m; sourceTree = "<group>"; };
		4925ECD41BC58DB5003D73D7 /* calendarMocks.JSON */ = {isa = PBXFileReference; fileEncoding = 4; lastKnownFileType = text.json; path = calendarMocks.JSON; sourceTree = "<group>"; };
		4925ECD71BC58EF8003D73D7 /* calendarMockWebService.h */ = {isa = PBXFileReference; fileEncoding = 4; lastKnownFileType = sourcecode.c.h; path = calendarMockWebService.h; sourceTree = "<group>"; };
		4925ECD81BC58EF8003D73D7 /* calendarMockWebService.m */ = {isa = PBXFileReference; fileEncoding = 4; lastKnownFileType = sourcecode.c.objc; path = calendarMockWebService.m; sourceTree = "<group>"; };
		4925ECDD1BC59265003D73D7 /* calendarWebService.h */ = {isa = PBXFileReference; fileEncoding = 4; lastKnownFileType = sourcecode.c.h; path = calendarWebService.h; sourceTree = "<group>"; };
		4925ECDE1BC59265003D73D7 /* calendarWebService.m */ = {isa = PBXFileReference; fileEncoding = 4; lastKnownFileType = sourcecode.c.objc; path = calendarWebService.m; sourceTree = "<group>"; };
		4925ECE81BC595FD003D73D7 /* medicationMocks.JSON */ = {isa = PBXFileReference; fileEncoding = 4; lastKnownFileType = text.json; path = medicationMocks.JSON; sourceTree = "<group>"; };
		4925ECEE1BC5C27B003D73D7 /* doctorMocks.JSON */ = {isa = PBXFileReference; fileEncoding = 4; lastKnownFileType = text.json; path = doctorMocks.JSON; sourceTree = "<group>"; };
		4925ECF01BC5C2F9003D73D7 /* Doctor.h */ = {isa = PBXFileReference; fileEncoding = 4; lastKnownFileType = sourcecode.c.h; path = Doctor.h; sourceTree = "<group>"; };
		4925ECF11BC5C2F9003D73D7 /* Doctor.m */ = {isa = PBXFileReference; fileEncoding = 4; lastKnownFileType = sourcecode.c.objc; path = Doctor.m; sourceTree = "<group>"; };
		4925ECF31BC5CA12003D73D7 /* doctorFactory.h */ = {isa = PBXFileReference; fileEncoding = 4; lastKnownFileType = sourcecode.c.h; path = doctorFactory.h; sourceTree = "<group>"; };
		4925ECF41BC5CA12003D73D7 /* doctorFactory.m */ = {isa = PBXFileReference; fileEncoding = 4; lastKnownFileType = sourcecode.c.objc; path = doctorFactory.m; sourceTree = "<group>"; };
		4925ECF61BC5CAEB003D73D7 /* doctorWebService.h */ = {isa = PBXFileReference; fileEncoding = 4; lastKnownFileType = sourcecode.c.h; path = doctorWebService.h; sourceTree = "<group>"; };
		4925ECF71BC5CAEB003D73D7 /* doctorWebService.m */ = {isa = PBXFileReference; fileEncoding = 4; lastKnownFileType = sourcecode.c.objc; path = doctorWebService.m; sourceTree = "<group>"; };
		4925ECF91BC5CAF8003D73D7 /* doctorMockWebService.h */ = {isa = PBXFileReference; fileEncoding = 4; lastKnownFileType = sourcecode.c.h; path = doctorMockWebService.h; sourceTree = "<group>"; };
		4925ECFA1BC5CAF8003D73D7 /* doctorMockWebService.m */ = {isa = PBXFileReference; fileEncoding = 4; lastKnownFileType = sourcecode.c.objc; path = doctorMockWebService.m; sourceTree = "<group>"; };
		4925ECFC1BC5D09F003D73D7 /* User.h */ = {isa = PBXFileReference; fileEncoding = 4; lastKnownFileType = sourcecode.c.h; path = User.h; sourceTree = "<group>"; };
		4925ECFD1BC5D09F003D73D7 /* User.m */ = {isa = PBXFileReference; fileEncoding = 4; lastKnownFileType = sourcecode.c.objc; path = User.m; sourceTree = "<group>"; };
		4925ECFF1BC5D290003D73D7 /* userFactory.h */ = {isa = PBXFileReference; fileEncoding = 4; lastKnownFileType = sourcecode.c.h; path = userFactory.h; sourceTree = "<group>"; };
		4925ED001BC5D290003D73D7 /* userFactory.m */ = {isa = PBXFileReference; fileEncoding = 4; lastKnownFileType = sourcecode.c.objc; path = userFactory.m; sourceTree = "<group>"; };
		4925ED021BC5D3A5003D73D7 /* userWebService.h */ = {isa = PBXFileReference; fileEncoding = 4; lastKnownFileType = sourcecode.c.h; path = userWebService.h; sourceTree = "<group>"; };
		4925ED031BC5D3A5003D73D7 /* userWebService.m */ = {isa = PBXFileReference; fileEncoding = 4; lastKnownFileType = sourcecode.c.objc; path = userWebService.m; sourceTree = "<group>"; };
		4925ED051BC5D3BB003D73D7 /* userMockWebService.h */ = {isa = PBXFileReference; fileEncoding = 4; lastKnownFileType = sourcecode.c.h; path = userMockWebService.h; sourceTree = "<group>"; };
		4925ED061BC5D3BB003D73D7 /* userMockWebService.m */ = {isa = PBXFileReference; fileEncoding = 4; lastKnownFileType = sourcecode.c.objc; path = userMockWebService.m; sourceTree = "<group>"; };
		4925ED081BC5D7CA003D73D7 /* userMocks.JSON */ = {isa = PBXFileReference; fileEncoding = 4; lastKnownFileType = text.json; path = userMocks.JSON; sourceTree = "<group>"; };
		4925ED0D1BC5DF61003D73D7 /* Config.h */ = {isa = PBXFileReference; fileEncoding = 4; lastKnownFileType = sourcecode.c.h; path = Config.h; sourceTree = "<group>"; };
		632625311C4EBF4E00E14B22 /* check.png */ = {isa = PBXFileReference; lastKnownFileType = image.png; path = check.png; sourceTree = "<group>"; };
		632625321C4EBF4E00E14B22 /* clock.png */ = {isa = PBXFileReference; lastKnownFileType = image.png; path = clock.png; sourceTree = "<group>"; };
		632625331C4EBF4E00E14B22 /* cross.png */ = {isa = PBXFileReference; lastKnownFileType = image.png; path = cross.png; sourceTree = "<group>"; };
		632625341C4EBF4E00E14B22 /* noun_291_cc.png */ = {isa = PBXFileReference; lastKnownFileType = image.png; path = noun_291_cc.png; sourceTree = "<group>"; };
		632625351C4EBF4E00E14B22 /* panneaujaune.png */ = {isa = PBXFileReference; lastKnownFileType = image.png; path = panneaujaune.png; sourceTree = "<group>"; };
		632625361C4EBF4E00E14B22 /* panneauorange.png */ = {isa = PBXFileReference; lastKnownFileType = image.png; path = panneauorange.png; sourceTree = "<group>"; };
		632625371C4EBF4E00E14B22 /* pill.png */ = {isa = PBXFileReference; lastKnownFileType = image.png; path = pill.png; sourceTree = "<group>"; };
		63281D9D1C59075A00163A17 /* TestInterfaceController.h */ = {isa = PBXFileReference; fileEncoding = 4; lastKnownFileType = sourcecode.c.h; path = TestInterfaceController.h; sourceTree = "<group>"; };
		63281D9E1C59075A00163A17 /* TestInterfaceController.m */ = {isa = PBXFileReference; fileEncoding = 4; lastKnownFileType = sourcecode.c.objc; path = TestInterfaceController.m; sourceTree = "<group>"; };
		633A3B991C4EA8E30048F4C9 /* PushNotificationPayload.apns */ = {isa = PBXFileReference; fileEncoding = 4; lastKnownFileType = text; path = PushNotificationPayload.apns; sourceTree = "<group>"; };
		633A3B9B1C4EBD140048F4C9 /* InterfaceController.h */ = {isa = PBXFileReference; fileEncoding = 4; lastKnownFileType = sourcecode.c.h; path = InterfaceController.h; sourceTree = "<group>"; };
		633A3B9C1C4EBD140048F4C9 /* InterfaceController.m */ = {isa = PBXFileReference; fileEncoding = 4; lastKnownFileType = sourcecode.c.objc; path = InterfaceController.m; sourceTree = "<group>"; };
		633A3B9D1C4EBD140048F4C9 /* NotificationController.h */ = {isa = PBXFileReference; fileEncoding = 4; lastKnownFileType = sourcecode.c.h; path = NotificationController.h; sourceTree = "<group>"; };
		633A3B9E1C4EBD140048F4C9 /* NotificationController.m */ = {isa = PBXFileReference; fileEncoding = 4; lastKnownFileType = sourcecode.c.objc; path = NotificationController.m; sourceTree = "<group>"; };
		633A3BA11C4EBD2A0048F4C9 /* ExtensionDelegate.h */ = {isa = PBXFileReference; fileEncoding = 4; lastKnownFileType = sourcecode.c.h; path = ExtensionDelegate.h; sourceTree = "<group>"; };
		633A3BA21C4EBD2A0048F4C9 /* ExtensionDelegate.m */ = {isa = PBXFileReference; fileEncoding = 4; lastKnownFileType = sourcecode.c.objc; path = ExtensionDelegate.m; sourceTree = "<group>"; };
		633A3BA41C4EBD390048F4C9 /* AlertNotificationController.h */ = {isa = PBXFileReference; fileEncoding = 4; lastKnownFileType = sourcecode.c.h; path = AlertNotificationController.h; sourceTree = "<group>"; };
		633A3BA51C4EBD390048F4C9 /* AlertNotificationController.m */ = {isa = PBXFileReference; fileEncoding = 4; lastKnownFileType = sourcecode.c.objc; path = AlertNotificationController.m; sourceTree = "<group>"; };
		63F13A411C5BC6C800116563 /* CustomTableRowController.h */ = {isa = PBXFileReference; fileEncoding = 4; lastKnownFileType = sourcecode.c.h; path = CustomTableRowController.h; sourceTree = "<group>"; };
		63F13A421C5BC6C800116563 /* CustomTableRowController.m */ = {isa = PBXFileReference; fileEncoding = 4; lastKnownFileType = sourcecode.c.objc; path = CustomTableRowController.m; sourceTree = "<group>"; };
		BE0B13A91C60B5DD0047D485 /* medicationMocks.JSON */ = {isa = PBXFileReference; fileEncoding = 4; lastKnownFileType = text.json; path = medicationMocks.JSON; sourceTree = "<group>"; };
/* End PBXFileReference section */

/* Begin PBXFrameworksBuildPhase section */
		4925EC761BC55B6E003D73D7 /* Frameworks */ = {
			isa = PBXFrameworksBuildPhase;
			buildActionMask = 2147483647;
			files = (
			);
			runOnlyForDeploymentPostprocessing = 0;
		};
		4925EC9C1BC55B6E003D73D7 /* Frameworks */ = {
			isa = PBXFrameworksBuildPhase;
			buildActionMask = 2147483647;
			files = (
			);
			runOnlyForDeploymentPostprocessing = 0;
		};
/* End PBXFrameworksBuildPhase section */

/* Begin PBXGroup section */
		4900B3A41BC674A90081FBE3 /* Images */ = {
			isa = PBXGroup;
			children = (
				192A8B7A1BC712C30043B109 /* PillboxMenu.png */,
				4900B3A51BC6759B0081FBE3 /* Historic.png */,
				4900B37F1BC674900081FBE3 /* DoctorMenu.png */,
				4900B3831BC674900081FBE3 /* Logo.png */,
			);
			name = Images;
			sourceTree = "<group>";
		};
		4900B3A71BC675A00081FBE3 /* Views */ = {
			isa = PBXGroup;
			children = (
				4900B3B61BC680E30081FBE3 /* AddPillViewController.xib */,
				4900B3B71BC680E30081FBE3 /* DayDetailViewController.xib */,
				4900B3B81BC680E30081FBE3 /* DoctorViewController.xib */,
				4900B3B91BC680E30081FBE3 /* MenuViewController.xib */,
				4900B3BA1BC680E30081FBE3 /* PillboxViewController.xib */,
				4900B3BB1BC680E30081FBE3 /* SubscribeViewController.xib */,
				192A8B7C1BC7133D0043B109 /* ResultsViewController.xib */,
				4925EC801BC55B6E003D73D7 /* AppDelegate.m */,
				4925EC7F1BC55B6E003D73D7 /* AppDelegate.h */,
				4925EC821BC55B6E003D73D7 /* ViewController.h */,
				4925EC831BC55B6E003D73D7 /* ViewController.m */,
				4900B3761BC674900081FBE3 /* AddPillViewController.h */,
				4900B3771BC674900081FBE3 /* AddPillViewController.m */,
				4900B3791BC674900081FBE3 /* connexionViewController.h */,
				4900B37A1BC674900081FBE3 /* connexionViewController.m */,
				4900B37B1BC674900081FBE3 /* connexionViewController.xib */,
				4900B37C1BC674900081FBE3 /* DayDetailViewController.h */,
				4900B37D1BC674900081FBE3 /* DayDetailViewController.m */,
				4900B3801BC674900081FBE3 /* DoctorViewController.h */,
				4900B3811BC674900081FBE3 /* DoctorViewController.m */,
				4900B3841BC674900081FBE3 /* MenuViewController.h */,
				4900B3851BC674900081FBE3 /* MenuViewController.m */,
				4900B3881BC674900081FBE3 /* PillboxViewController.h */,
				4900B3891BC674900081FBE3 /* PillboxViewController.m */,
				4900B38B1BC674900081FBE3 /* ResultsViewController.h */,
				4900B38C1BC674900081FBE3 /* ResultsViewController.m */,
				4900B38E1BC674900081FBE3 /* SubscribeViewController.h */,
				4900B38F1BC674900081FBE3 /* SubscribeViewController.m */,
			);
			name = Views;
			sourceTree = "<group>";
		};
		4925EC701BC55B6E003D73D7 = {
			isa = PBXGroup;
			children = (
				4925EC7B1BC55B6E003D73D7 /* Project */,
				4925EC941BC55B6E003D73D7 /* Project WatchKit App */,
				4925ECA31BC55B6E003D73D7 /* Project WatchKit Extension */,
				4925EC7A1BC55B6E003D73D7 /* Products */,
			);
			sourceTree = "<group>";
		};
		4925EC7A1BC55B6E003D73D7 /* Products */ = {
			isa = PBXGroup;
			children = (
				4925EC791BC55B6E003D73D7 /* Project.app */,
				4925EC901BC55B6E003D73D7 /* Project WatchKit App.app */,
				4925EC9F1BC55B6E003D73D7 /* Project WatchKit Extension.appex */,
			);
			name = Products;
			sourceTree = "<group>";
		};
		4925EC7B1BC55B6E003D73D7 /* Project */ = {
			isa = PBXGroup;
			children = (
				4900B3A71BC675A00081FBE3 /* Views */,
				4900B3A41BC674A90081FBE3 /* Images */,
				4925ED0A1BC5DF3B003D73D7 /* Configuration */,
				4925ECE11BC59303003D73D7 /* MockWebServices */,
				4925ECCE1BC571D1003D73D7 /* Webservices */,
				4925ECC91BC5718C003D73D7 /* Factories */,
				4925ECC21BC55D84003D73D7 /* Classes */,
				4925EC851BC55B6E003D73D7 /* Main.storyboard */,
				4925EC881BC55B6E003D73D7 /* Assets.xcassets */,
				4925EC8A1BC55B6E003D73D7 /* LaunchScreen.storyboard */,
				4925EC8D1BC55B6E003D73D7 /* Info.plist */,
				4925EC7C1BC55B6E003D73D7 /* Supporting Files */,
			);
			path = Project;
			sourceTree = "<group>";
		};
		4925EC7C1BC55B6E003D73D7 /* Supporting Files */ = {
			isa = PBXGroup;
			children = (
				4925ECD41BC58DB5003D73D7 /* calendarMocks.JSON */,
				4925EC7D1BC55B6E003D73D7 /* main.m */,
				4925ECE81BC595FD003D73D7 /* medicationMocks.JSON */,
				4925ECEE1BC5C27B003D73D7 /* doctorMocks.JSON */,
				4925ED081BC5D7CA003D73D7 /* userMocks.JSON */,
			);
			name = "Supporting Files";
			sourceTree = "<group>";
		};
		4925EC941BC55B6E003D73D7 /* Project WatchKit App */ = {
			isa = PBXGroup;
			children = (
				4925EC951BC55B6E003D73D7 /* Interface.storyboard */,
				4925EC981BC55B6E003D73D7 /* Assets.xcassets */,
				4925EC9A1BC55B6E003D73D7 /* Info.plist */,
			);
			path = "Project WatchKit App";
			sourceTree = "<group>";
		};
		4925ECA31BC55B6E003D73D7 /* Project WatchKit Extension */ = {
			isa = PBXGroup;
			children = (
				632625311C4EBF4E00E14B22 /* check.png */,
				632625321C4EBF4E00E14B22 /* clock.png */,
				632625331C4EBF4E00E14B22 /* cross.png */,
				632625341C4EBF4E00E14B22 /* noun_291_cc.png */,
				632625351C4EBF4E00E14B22 /* panneaujaune.png */,
				632625361C4EBF4E00E14B22 /* panneauorange.png */,
				632625371C4EBF4E00E14B22 /* pill.png */,
				63281D9D1C59075A00163A17 /* TestInterfaceController.h */,
				63281D9E1C59075A00163A17 /* TestInterfaceController.m */,
				633A3BA41C4EBD390048F4C9 /* AlertNotificationController.h */,
				633A3BA51C4EBD390048F4C9 /* AlertNotificationController.m */,
				633A3BA11C4EBD2A0048F4C9 /* ExtensionDelegate.h */,
				633A3BA21C4EBD2A0048F4C9 /* ExtensionDelegate.m */,
				633A3B9B1C4EBD140048F4C9 /* InterfaceController.h */,
				633A3B9C1C4EBD140048F4C9 /* InterfaceController.m */,
				633A3B9D1C4EBD140048F4C9 /* NotificationController.h */,
				633A3B9E1C4EBD140048F4C9 /* NotificationController.m */,
				633A3B991C4EA8E30048F4C9 /* PushNotificationPayload.apns */,
				1967D14E1BC79365004E2AD6 /* InfoInterfaceController.h */,
				1967D14F1BC79365004E2AD6 /* InfoInterfaceController.m */,
				1967D1561BC79365004E2AD6 /* ResponseNo.h */,
				1967D1571BC79365004E2AD6 /* ResponseNo.m */,
				1967D1581BC79365004E2AD6 /* ResponseNoInterfaceController.h */,
				1967D1591BC79365004E2AD6 /* ResponseNoInterfaceController.m */,
				4925ECAF1BC55B6E003D73D7 /* Assets.xcassets */,
				4925ECB11BC55B6E003D73D7 /* Info.plist */,
				4925ECA41BC55B6E003D73D7 /* Supporting Files */,
				63F13A411C5BC6C800116563 /* CustomTableRowController.h */,
				63F13A421C5BC6C800116563 /* CustomTableRowController.m */,
			);
			path = "Project WatchKit Extension";
			sourceTree = "<group>";
		};
		4925ECA41BC55B6E003D73D7 /* Supporting Files */ = {
			isa = PBXGroup;
			children = (
				BE0B13A91C60B5DD0047D485 /* medicationMocks.JSON */,
			);
			name = "Supporting Files";
			sourceTree = "<group>";
		};
		4925ECC21BC55D84003D73D7 /* Classes */ = {
			isa = PBXGroup;
			children = (
				4925ECC31BC55E18003D73D7 /* Event.h */,
				4925ECC41BC55E18003D73D7 /* Event.m */,
				4925ECC61BC55EA2003D73D7 /* Medication.h */,
				4925ECC71BC55EA2003D73D7 /* Medication.m */,
				4925ECF01BC5C2F9003D73D7 /* Doctor.h */,
				4925ECF11BC5C2F9003D73D7 /* Doctor.m */,
				4925ECFC1BC5D09F003D73D7 /* User.h */,
				4925ECFD1BC5D09F003D73D7 /* User.m */,
			);
			name = Classes;
			sourceTree = "<group>";
		};
		4925ECC91BC5718C003D73D7 /* Factories */ = {
			isa = PBXGroup;
			children = (
				4925ECCA1BC571BC003D73D7 /* calendarFactory.h */,
				4925ECCB1BC571BC003D73D7 /* calendarFactory.m */,
				4925ECF31BC5CA12003D73D7 /* doctorFactory.h */,
				4925ECF41BC5CA12003D73D7 /* doctorFactory.m */,
				4925ECFF1BC5D290003D73D7 /* userFactory.h */,
				4925ED001BC5D290003D73D7 /* userFactory.m */,
				192A8B7E1BC724040043B109 /* medicationFactory.h */,
				192A8B7F1BC724040043B109 /* medicationFactory.m */,
			);
			name = Factories;
			sourceTree = "<group>";
		};
		4925ECCE1BC571D1003D73D7 /* Webservices */ = {
			isa = PBXGroup;
			children = (
				4925ECDD1BC59265003D73D7 /* calendarWebService.h */,
				4925ECDE1BC59265003D73D7 /* calendarWebService.m */,
				4925ECF61BC5CAEB003D73D7 /* doctorWebService.h */,
				4925ECF71BC5CAEB003D73D7 /* doctorWebService.m */,
				4925ED021BC5D3A5003D73D7 /* userWebService.h */,
				4925ED031BC5D3A5003D73D7 /* userWebService.m */,
				1967D1681BC7A7DF004E2AD6 /* medicationWebService.h */,
				1967D1691BC7A7DF004E2AD6 /* medicationWebService.m */,
			);
			name = Webservices;
			sourceTree = "<group>";
		};
		4925ECE11BC59303003D73D7 /* MockWebServices */ = {
			isa = PBXGroup;
			children = (
				4925ECD71BC58EF8003D73D7 /* calendarMockWebService.h */,
				4925ECD81BC58EF8003D73D7 /* calendarMockWebService.m */,
				4925ECF91BC5CAF8003D73D7 /* doctorMockWebService.h */,
				4925ECFA1BC5CAF8003D73D7 /* doctorMockWebService.m */,
				4925ED051BC5D3BB003D73D7 /* userMockWebService.h */,
				4925ED061BC5D3BB003D73D7 /* userMockWebService.m */,
				192A8B811BC724A50043B109 /* medicationMockWebService.h */,
				192A8B821BC724A50043B109 /* medicationMockWebService.m */,
			);
			name = MockWebServices;
			sourceTree = "<group>";
		};
		4925ED0A1BC5DF3B003D73D7 /* Configuration */ = {
			isa = PBXGroup;
			children = (
				4925ED0D1BC5DF61003D73D7 /* Config.h */,
			);
			name = Configuration;
			sourceTree = "<group>";
		};
/* End PBXGroup section */

/* Begin PBXNativeTarget section */
		4925EC781BC55B6E003D73D7 /* Project */ = {
			isa = PBXNativeTarget;
			buildConfigurationList = 4925ECBC1BC55B6E003D73D7 /* Build configuration list for PBXNativeTarget "Project" */;
			buildPhases = (
				4925EC751BC55B6E003D73D7 /* Sources */,
				4925EC761BC55B6E003D73D7 /* Frameworks */,
				4925EC771BC55B6E003D73D7 /* Resources */,
				4925ECBB1BC55B6E003D73D7 /* Embed Watch Content */,
			);
			buildRules = (
			);
			dependencies = (
				4925EC931BC55B6E003D73D7 /* PBXTargetDependency */,
			);
			name = Project;
			productName = Project;
			productReference = 4925EC791BC55B6E003D73D7 /* Project.app */;
			productType = "com.apple.product-type.application";
		};
		4925EC8F1BC55B6E003D73D7 /* Project WatchKit App */ = {
			isa = PBXNativeTarget;
			buildConfigurationList = 4925ECB81BC55B6E003D73D7 /* Build configuration list for PBXNativeTarget "Project WatchKit App" */;
			buildPhases = (
				4925EC8E1BC55B6E003D73D7 /* Resources */,
				4925ECB71BC55B6E003D73D7 /* Embed App Extensions */,
			);
			buildRules = (
			);
			dependencies = (
				4925ECA21BC55B6E003D73D7 /* PBXTargetDependency */,
			);
			name = "Project WatchKit App";
			productName = "Project WatchKit App";
			productReference = 4925EC901BC55B6E003D73D7 /* Project WatchKit App.app */;
			productType = "com.apple.product-type.application.watchapp2";
		};
		4925EC9E1BC55B6E003D73D7 /* Project WatchKit Extension */ = {
			isa = PBXNativeTarget;
			buildConfigurationList = 4925ECB41BC55B6E003D73D7 /* Build configuration list for PBXNativeTarget "Project WatchKit Extension" */;
			buildPhases = (
				4925EC9B1BC55B6E003D73D7 /* Sources */,
				4925EC9C1BC55B6E003D73D7 /* Frameworks */,
				4925EC9D1BC55B6E003D73D7 /* Resources */,
			);
			buildRules = (
			);
			dependencies = (
			);
			name = "Project WatchKit Extension";
			productName = "Project WatchKit Extension";
			productReference = 4925EC9F1BC55B6E003D73D7 /* Project WatchKit Extension.appex */;
			productType = "com.apple.product-type.watchkit2-extension";
		};
/* End PBXNativeTarget section */

/* Begin PBXProject section */
		4925EC711BC55B6E003D73D7 /* Project object */ = {
			isa = PBXProject;
			attributes = {
				LastUpgradeCheck = 0710;
				ORGANIZATIONNAME = ESGI;
				TargetAttributes = {
					4925EC781BC55B6E003D73D7 = {
						CreatedOnToolsVersion = 7.1;
						DevelopmentTeam = U6DZJE9H74;
						SystemCapabilities = {
							com.apple.HealthKit = {
								enabled = 0;
							};
						};
					};
					4925EC8F1BC55B6E003D73D7 = {
						CreatedOnToolsVersion = 7.1;
						DevelopmentTeam = U6DZJE9H74;
					};
					4925EC9E1BC55B6E003D73D7 = {
						CreatedOnToolsVersion = 7.1;
						DevelopmentTeam = U6DZJE9H74;
					};
				};
			};
			buildConfigurationList = 4925EC741BC55B6E003D73D7 /* Build configuration list for PBXProject "Project" */;
			compatibilityVersion = "Xcode 3.2";
			developmentRegion = English;
			hasScannedForEncodings = 0;
			knownRegions = (
				en,
				Base,
			);
			mainGroup = 4925EC701BC55B6E003D73D7;
			productRefGroup = 4925EC7A1BC55B6E003D73D7 /* Products */;
			projectDirPath = "";
			projectRoot = "";
			targets = (
				4925EC781BC55B6E003D73D7 /* Project */,
				4925EC8F1BC55B6E003D73D7 /* Project WatchKit App */,
				4925EC9E1BC55B6E003D73D7 /* Project WatchKit Extension */,
			);
		};
/* End PBXProject section */

/* Begin PBXResourcesBuildPhase section */
		4925EC771BC55B6E003D73D7 /* Resources */ = {
			isa = PBXResourcesBuildPhase;
			buildActionMask = 2147483647;
			files = (
				4925ED091BC5D7CA003D73D7 /* userMocks.JSON in Resources */,
				4925ECD61BC58E6B003D73D7 /* calendarMocks.JSON in Resources */,
				4900B3BE1BC680E30081FBE3 /* DoctorViewController.xib in Resources */,
				4900B3C11BC680E30081FBE3 /* SubscribeViewController.xib in Resources */,
				4900B3BD1BC680E30081FBE3 /* DayDetailViewController.xib in Resources */,
				4925EC8C1BC55B6E003D73D7 /* LaunchScreen.storyboard in Resources */,
				4925ECEF1BC5C27B003D73D7 /* doctorMocks.JSON in Resources */,
				4900B3971BC674900081FBE3 /* DoctorMenu.png in Resources */,
				192A8B7D1BC7133D0043B109 /* ResultsViewController.xib in Resources */,
				4900B3A61BC6759B0081FBE3 /* Historic.png in Resources */,
				4925ECE91BC595FD003D73D7 /* medicationMocks.JSON in Resources */,
				4900B39A1BC674900081FBE3 /* Logo.png in Resources */,
				4925EC891BC55B6E003D73D7 /* Assets.xcassets in Resources */,
				192A8B7B1BC712C30043B109 /* PillboxMenu.png in Resources */,
				4900B3C01BC680E30081FBE3 /* PillboxViewController.xib in Resources */,
				4900B3BF1BC680E30081FBE3 /* MenuViewController.xib in Resources */,
				4925EC871BC55B6E003D73D7 /* Main.storyboard in Resources */,
				4900B3BC1BC680E30081FBE3 /* AddPillViewController.xib in Resources */,
				4900B3941BC674900081FBE3 /* connexionViewController.xib in Resources */,
			);
			runOnlyForDeploymentPostprocessing = 0;
		};
		4925EC8E1BC55B6E003D73D7 /* Resources */ = {
			isa = PBXResourcesBuildPhase;
			buildActionMask = 2147483647;
			files = (
				632625421C4EBF4E00E14B22 /* panneauorange.png in Resources */,
				6326253E1C4EBF4E00E14B22 /* noun_291_cc.png in Resources */,
				632625441C4EBF4E00E14B22 /* pill.png in Resources */,
				6326253C1C4EBF4E00E14B22 /* cross.png in Resources */,
				6326253A1C4EBF4E00E14B22 /* clock.png in Resources */,
				632625401C4EBF4E00E14B22 /* panneaujaune.png in Resources */,
				632625381C4EBF4E00E14B22 /* check.png in Resources */,
				4925EC991BC55B6E003D73D7 /* Assets.xcassets in Resources */,
				4925EC971BC55B6E003D73D7 /* Interface.storyboard in Resources */,
			);
			runOnlyForDeploymentPostprocessing = 0;
		};
		4925EC9D1BC55B6E003D73D7 /* Resources */ = {
			isa = PBXResourcesBuildPhase;
			buildActionMask = 2147483647;
			files = (
				632625431C4EBF4E00E14B22 /* panneauorange.png in Resources */,
				BE0B13AA1C60B5DD0047D485 /* medicationMocks.JSON in Resources */,
				6326253F1C4EBF4E00E14B22 /* noun_291_cc.png in Resources */,
				632625451C4EBF4E00E14B22 /* pill.png in Resources */,
				6326253D1C4EBF4E00E14B22 /* cross.png in Resources */,
				6326253B1C4EBF4E00E14B22 /* clock.png in Resources */,
				632625411C4EBF4E00E14B22 /* panneaujaune.png in Resources */,
				632625391C4EBF4E00E14B22 /* check.png in Resources */,
				4925ECB01BC55B6E003D73D7 /* Assets.xcassets in Resources */,
				63F13A401C59456200116563 /* Interface.storyboard in Resources */,
				633A3B9A1C4EA8E30048F4C9 /* PushNotificationPayload.apns in Resources */,
			);
			runOnlyForDeploymentPostprocessing = 0;
		};
/* End PBXResourcesBuildPhase section */

/* Begin PBXSourcesBuildPhase section */
		4925EC751BC55B6E003D73D7 /* Sources */ = {
			isa = PBXSourcesBuildPhase;
			buildActionMask = 2147483647;
			files = (
				4925ECFE1BC5D09F003D73D7 /* User.m in Sources */,
				4925ECDF1BC59265003D73D7 /* calendarWebService.m in Sources */,
				4925ECC81BC55EA2003D73D7 /* Medication.m in Sources */,
				4925ECF81BC5CAEB003D73D7 /* doctorWebService.m in Sources */,
				4900B39B1BC674900081FBE3 /* MenuViewController.m in Sources */,
				4900B3A21BC674900081FBE3 /* SubscribeViewController.m in Sources */,
				4900B39E1BC674900081FBE3 /* PillboxViewController.m in Sources */,
				4900B3931BC674900081FBE3 /* connexionViewController.m in Sources */,
				4925ECF21BC5C2F9003D73D7 /* Doctor.m in Sources */,
				1967D16A1BC7A7DF004E2AD6 /* medicationWebService.m in Sources */,
				192A8B831BC724A50043B109 /* medicationMockWebService.m in Sources */,
				4925ECF51BC5CA12003D73D7 /* doctorFactory.m in Sources */,
				4925ECFB1BC5CAF8003D73D7 /* doctorMockWebService.m in Sources */,
				4900B3A01BC674900081FBE3 /* ResultsViewController.m in Sources */,
				4925ED071BC5D3BB003D73D7 /* userMockWebService.m in Sources */,
				4925ED041BC5D3A5003D73D7 /* userWebService.m in Sources */,
				4925EC841BC55B6E003D73D7 /* ViewController.m in Sources */,
				4900B3981BC674900081FBE3 /* DoctorViewController.m in Sources */,
				4925EC811BC55B6E003D73D7 /* AppDelegate.m in Sources */,
				4925ED011BC5D290003D73D7 /* userFactory.m in Sources */,
				4925ECC51BC55E18003D73D7 /* Event.m in Sources */,
				4925EC7E1BC55B6E003D73D7 /* main.m in Sources */,
				192A8B801BC724040043B109 /* medicationFactory.m in Sources */,
				4925ECCC1BC571BC003D73D7 /* calendarFactory.m in Sources */,
				4900B3951BC674900081FBE3 /* DayDetailViewController.m in Sources */,
				4900B3911BC674900081FBE3 /* AddPillViewController.m in Sources */,
				4925ECD91BC58EF8003D73D7 /* calendarMockWebService.m in Sources */,
			);
			runOnlyForDeploymentPostprocessing = 0;
		};
		4925EC9B1BC55B6E003D73D7 /* Sources */ = {
			isa = PBXSourcesBuildPhase;
			buildActionMask = 2147483647;
			files = (
				BE0B13A31C60A6370047D485 /* Medication.m in Sources */,
				1967D15C1BC79365004E2AD6 /* InfoInterfaceController.m in Sources */,
				BE0B13A81C60A6C50047D485 /* medicationMockWebService.m in Sources */,
				63281D9F1C59075A00163A17 /* TestInterfaceController.m in Sources */,
				BE0B13A71C60A6B80047D485 /* medicationFactory.m in Sources */,
				BEFDC5E91C5FCF81003EE5E7 /* Event.m in Sources */,
				BE0B13A41C60A63B0047D485 /* Doctor.m in Sources */,
				633A3BA01C4EBD140048F4C9 /* NotificationController.m in Sources */,
				633A3BA61C4EBD390048F4C9 /* AlertNotificationController.m in Sources */,
				633A3B9F1C4EBD140048F4C9 /* InterfaceController.m in Sources */,
				BE0B13A61C60A6920047D485 /* calendarMockWebService.m in Sources */,
				BE0B13A51C60A6400047D485 /* User.m in Sources */,
				1967D1611BC79365004E2AD6 /* ResponseNoInterfaceController.m in Sources */,
				633A3BA31C4EBD2A0048F4C9 /* ExtensionDelegate.m in Sources */,
				1967D1601BC79365004E2AD6 /* ResponseNo.m in Sources */,
				BE0B13A21C60A0DF0047D485 /* calendarFactory.m in Sources */,
				63F13A431C5BC6C800116563 /* CustomTableRowController.m in Sources */,
			);
			runOnlyForDeploymentPostprocessing = 0;
		};
/* End PBXSourcesBuildPhase section */

/* Begin PBXTargetDependency section */
		4925EC931BC55B6E003D73D7 /* PBXTargetDependency */ = {
			isa = PBXTargetDependency;
			target = 4925EC8F1BC55B6E003D73D7 /* Project WatchKit App */;
			targetProxy = 4925EC921BC55B6E003D73D7 /* PBXContainerItemProxy */;
		};
		4925ECA21BC55B6E003D73D7 /* PBXTargetDependency */ = {
			isa = PBXTargetDependency;
			target = 4925EC9E1BC55B6E003D73D7 /* Project WatchKit Extension */;
			targetProxy = 4925ECA11BC55B6E003D73D7 /* PBXContainerItemProxy */;
		};
/* End PBXTargetDependency section */

/* Begin PBXVariantGroup section */
		4925EC851BC55B6E003D73D7 /* Main.storyboard */ = {
			isa = PBXVariantGroup;
			children = (
				4925EC861BC55B6E003D73D7 /* Base */,
			);
			name = Main.storyboard;
			sourceTree = "<group>";
		};
		4925EC8A1BC55B6E003D73D7 /* LaunchScreen.storyboard */ = {
			isa = PBXVariantGroup;
			children = (
				4925EC8B1BC55B6E003D73D7 /* Base */,
			);
			name = LaunchScreen.storyboard;
			sourceTree = "<group>";
		};
		4925EC951BC55B6E003D73D7 /* Interface.storyboard */ = {
			isa = PBXVariantGroup;
			children = (
				4925EC961BC55B6E003D73D7 /* Base */,
			);
			name = Interface.storyboard;
			sourceTree = "<group>";
		};
/* End PBXVariantGroup section */

/* Begin XCBuildConfiguration section */
		4925ECB21BC55B6E003D73D7 /* Debug */ = {
			isa = XCBuildConfiguration;
			buildSettings = {
				ALWAYS_SEARCH_USER_PATHS = NO;
				CLANG_CXX_LANGUAGE_STANDARD = "gnu++0x";
				CLANG_CXX_LIBRARY = "libc++";
				CLANG_ENABLE_MODULES = YES;
				CLANG_ENABLE_OBJC_ARC = YES;
				CLANG_WARN_BOOL_CONVERSION = YES;
				CLANG_WARN_CONSTANT_CONVERSION = YES;
				CLANG_WARN_DIRECT_OBJC_ISA_USAGE = YES_ERROR;
				CLANG_WARN_EMPTY_BODY = YES;
				CLANG_WARN_ENUM_CONVERSION = YES;
				CLANG_WARN_INT_CONVERSION = YES;
				CLANG_WARN_OBJC_ROOT_CLASS = YES_ERROR;
				CLANG_WARN_UNREACHABLE_CODE = YES;
				CLANG_WARN__DUPLICATE_METHOD_MATCH = YES;
				"CODE_SIGN_IDENTITY[sdk=iphoneos*]" = "iPhone Developer";
				COPY_PHASE_STRIP = NO;
				DEBUG_INFORMATION_FORMAT = dwarf;
				ENABLE_STRICT_OBJC_MSGSEND = YES;
				ENABLE_TESTABILITY = YES;
				GCC_C_LANGUAGE_STANDARD = gnu99;
				GCC_DYNAMIC_NO_PIC = NO;
				GCC_NO_COMMON_BLOCKS = YES;
				GCC_OPTIMIZATION_LEVEL = 0;
				GCC_PREPROCESSOR_DEFINITIONS = (
					"DEBUG=1",
					"$(inherited)",
				);
				GCC_WARN_64_TO_32_BIT_CONVERSION = YES;
				GCC_WARN_ABOUT_RETURN_TYPE = YES_ERROR;
				GCC_WARN_UNDECLARED_SELECTOR = YES;
				GCC_WARN_UNINITIALIZED_AUTOS = YES_AGGRESSIVE;
				GCC_WARN_UNUSED_FUNCTION = YES;
				GCC_WARN_UNUSED_VARIABLE = YES;
				IPHONEOS_DEPLOYMENT_TARGET = 9.1;
				MTL_ENABLE_DEBUG_INFO = YES;
				ONLY_ACTIVE_ARCH = YES;
				SDKROOT = iphoneos;
			};
			name = Debug;
		};
		4925ECB31BC55B6E003D73D7 /* Release */ = {
			isa = XCBuildConfiguration;
			buildSettings = {
				ALWAYS_SEARCH_USER_PATHS = NO;
				CLANG_CXX_LANGUAGE_STANDARD = "gnu++0x";
				CLANG_CXX_LIBRARY = "libc++";
				CLANG_ENABLE_MODULES = YES;
				CLANG_ENABLE_OBJC_ARC = YES;
				CLANG_WARN_BOOL_CONVERSION = YES;
				CLANG_WARN_CONSTANT_CONVERSION = YES;
				CLANG_WARN_DIRECT_OBJC_ISA_USAGE = YES_ERROR;
				CLANG_WARN_EMPTY_BODY = YES;
				CLANG_WARN_ENUM_CONVERSION = YES;
				CLANG_WARN_INT_CONVERSION = YES;
				CLANG_WARN_OBJC_ROOT_CLASS = YES_ERROR;
				CLANG_WARN_UNREACHABLE_CODE = YES;
				CLANG_WARN__DUPLICATE_METHOD_MATCH = YES;
				"CODE_SIGN_IDENTITY[sdk=iphoneos*]" = "iPhone Developer";
				COPY_PHASE_STRIP = NO;
				DEBUG_INFORMATION_FORMAT = "dwarf-with-dsym";
				ENABLE_NS_ASSERTIONS = NO;
				ENABLE_STRICT_OBJC_MSGSEND = YES;
				GCC_C_LANGUAGE_STANDARD = gnu99;
				GCC_NO_COMMON_BLOCKS = YES;
				GCC_WARN_64_TO_32_BIT_CONVERSION = YES;
				GCC_WARN_ABOUT_RETURN_TYPE = YES_ERROR;
				GCC_WARN_UNDECLARED_SELECTOR = YES;
				GCC_WARN_UNINITIALIZED_AUTOS = YES_AGGRESSIVE;
				GCC_WARN_UNUSED_FUNCTION = YES;
				GCC_WARN_UNUSED_VARIABLE = YES;
				IPHONEOS_DEPLOYMENT_TARGET = 9.1;
				MTL_ENABLE_DEBUG_INFO = NO;
				SDKROOT = iphoneos;
				VALIDATE_PRODUCT = YES;
			};
			name = Release;
		};
		4925ECB51BC55B6E003D73D7 /* Debug */ = {
			isa = XCBuildConfiguration;
			buildSettings = {
				INFOPLIST_FILE = "Project WatchKit Extension/Info.plist";
				LD_RUNPATH_SEARCH_PATHS = "$(inherited) @executable_path/Frameworks @executable_path/../../Frameworks";
				PRODUCT_BUNDLE_IDENTIFIER = ESGI.Project.watchkitapp.watchkitextension;
				PRODUCT_NAME = "${TARGET_NAME}";
				SDKROOT = watchos;
				SKIP_INSTALL = YES;
				TARGETED_DEVICE_FAMILY = 4;
				WATCHOS_DEPLOYMENT_TARGET = 2.0;
			};
			name = Debug;
		};
		4925ECB61BC55B6E003D73D7 /* Release */ = {
			isa = XCBuildConfiguration;
			buildSettings = {
				INFOPLIST_FILE = "Project WatchKit Extension/Info.plist";
				LD_RUNPATH_SEARCH_PATHS = "$(inherited) @executable_path/Frameworks @executable_path/../../Frameworks";
				PRODUCT_BUNDLE_IDENTIFIER = ESGI.Project.watchkitapp.watchkitextension;
				PRODUCT_NAME = "${TARGET_NAME}";
				SDKROOT = watchos;
				SKIP_INSTALL = YES;
				TARGETED_DEVICE_FAMILY = 4;
				WATCHOS_DEPLOYMENT_TARGET = 2.0;
			};
			name = Release;
		};
		4925ECB91BC55B6E003D73D7 /* Debug */ = {
			isa = XCBuildConfiguration;
			buildSettings = {
				ASSETCATALOG_COMPILER_APPICON_NAME = AppIcon;
				IBSC_MODULE = Project_WatchKit_Extension;
				INFOPLIST_FILE = "Project WatchKit App/Info.plist";
				PRODUCT_BUNDLE_IDENTIFIER = ESGI.Project.watchkitapp;
				PRODUCT_NAME = "$(TARGET_NAME)";
				SDKROOT = watchos;
				SKIP_INSTALL = YES;
				TARGETED_DEVICE_FAMILY = 4;
				WATCHOS_DEPLOYMENT_TARGET = 2.0;
			};
			name = Debug;
		};
		4925ECBA1BC55B6E003D73D7 /* Release */ = {
			isa = XCBuildConfiguration;
			buildSettings = {
				ASSETCATALOG_COMPILER_APPICON_NAME = AppIcon;
				IBSC_MODULE = Project_WatchKit_Extension;
				INFOPLIST_FILE = "Project WatchKit App/Info.plist";
				PRODUCT_BUNDLE_IDENTIFIER = ESGI.Project.watchkitapp;
				PRODUCT_NAME = "$(TARGET_NAME)";
				SDKROOT = watchos;
				SKIP_INSTALL = YES;
				TARGETED_DEVICE_FAMILY = 4;
				WATCHOS_DEPLOYMENT_TARGET = 2.0;
			};
			name = Release;
		};
		4925ECBD1BC55B6E003D73D7 /* Debug */ = {
			isa = XCBuildConfiguration;
			buildSettings = {
				ASSETCATALOG_COMPILER_APPICON_NAME = AppIcon;
				CODE_SIGN_IDENTITY = "iPhone Developer";
				"CODE_SIGN_IDENTITY[sdk=iphoneos*]" = "iPhone Developer";
				INFOPLIST_FILE = Project/Info.plist;
				IPHONEOS_DEPLOYMENT_TARGET = 9.0;
				LD_RUNPATH_SEARCH_PATHS = "$(inherited) @executable_path/Frameworks";
				PRODUCT_BUNDLE_IDENTIFIER = ESGI.Project;
				PRODUCT_NAME = "$(TARGET_NAME)";
				PROVISIONING_PROFILE = "";
			};
			name = Debug;
		};
		4925ECBE1BC55B6E003D73D7 /* Release */ = {
			isa = XCBuildConfiguration;
			buildSettings = {
				ASSETCATALOG_COMPILER_APPICON_NAME = AppIcon;
				CODE_SIGN_IDENTITY = "iPhone Developer";
				"CODE_SIGN_IDENTITY[sdk=iphoneos*]" = "iPhone Developer";
				INFOPLIST_FILE = Project/Info.plist;
				IPHONEOS_DEPLOYMENT_TARGET = 9.0;
				LD_RUNPATH_SEARCH_PATHS = "$(inherited) @executable_path/Frameworks";
				PRODUCT_BUNDLE_IDENTIFIER = ESGI.Project;
				PRODUCT_NAME = "$(TARGET_NAME)";
				PROVISIONING_PROFILE = "";
			};
			name = Release;
		};
/* End XCBuildConfiguration section */

/* Begin XCConfigurationList section */
		4925EC741BC55B6E003D73D7 /* Build configuration list for PBXProject "Project" */ = {
			isa = XCConfigurationList;
			buildConfigurations = (
				4925ECB21BC55B6E003D73D7 /* Debug */,
				4925ECB31BC55B6E003D73D7 /* Release */,
			);
			defaultConfigurationIsVisible = 0;
			defaultConfigurationName = Release;
		};
		4925ECB41BC55B6E003D73D7 /* Build configuration list for PBXNativeTarget "Project WatchKit Extension" */ = {
			isa = XCConfigurationList;
			buildConfigurations = (
				4925ECB51BC55B6E003D73D7 /* Debug */,
				4925ECB61BC55B6E003D73D7 /* Release */,
			);
			defaultConfigurationIsVisible = 0;
			defaultConfigurationName = Release;
		};
		4925ECB81BC55B6E003D73D7 /* Build configuration list for PBXNativeTarget "Project WatchKit App" */ = {
			isa = XCConfigurationList;
			buildConfigurations = (
				4925ECB91BC55B6E003D73D7 /* Debug */,
				4925ECBA1BC55B6E003D73D7 /* Release */,
			);
			defaultConfigurationIsVisible = 0;
			defaultConfigurationName = Release;
		};
		4925ECBC1BC55B6E003D73D7 /* Build configuration list for PBXNativeTarget "Project" */ = {
			isa = XCConfigurationList;
			buildConfigurations = (
				4925ECBD1BC55B6E003D73D7 /* Debug */,
				4925ECBE1BC55B6E003D73D7 /* Release */,
			);
			defaultConfigurationIsVisible = 0;
			defaultConfigurationName = Release;
		};
/* End XCConfigurationList section */
	};
	rootObject = 4925EC711BC55B6E003D73D7 /* Project object */;
}
